
Microsoft Visual Studio Solution File, Format Version 12.00
# Visual Studio 15
VisualStudioVersion = 15.0.27130.2027
MinimumVisualStudioVersion = 10.0.40219.1
Project("{FAE04EC0-301F-11D3-BF4B-00C04F79EFBC}") = "SpotifyConnect", "SpotifyConnect\SpotifyConnect.csproj", "{69E03716-8EBB-4BB0-ADEE-31D6156DCDF1}"
EndProject
Project("{FAE04EC0-301F-11D3-BF4B-00C04F79EFBC}") = "SpotifyConnect.Tests", "SpotifyConnect.Tests\SpotifyConnect.Tests.csproj", "{0EB78ED0-5027-4836-8FB7-A13C879A01C6}"
EndProject
Global
	GlobalSection(SolutionConfigurationPlatforms) = preSolution
		Debug|Any CPU = Debug|Any CPU
		Release|Any CPU = Release|Any CPU
	EndGlobalSection
	GlobalSection(ProjectConfigurationPlatforms) = postSolution
		{69E03716-8EBB-4BB0-ADEE-31D6156DCDF1}.Debug|Any CPU.ActiveCfg = Debug|Any CPU
		{69E03716-8EBB-4BB0-ADEE-31D6156DCDF1}.Debug|Any CPU.Build.0 = Debug|Any CPU
		{69E03716-8EBB-4BB0-ADEE-31D6156DCDF1}.Release|Any CPU.ActiveCfg = Release|Any CPU
		{69E03716-8EBB-4BB0-ADEE-31D6156DCDF1}.Release|Any CPU.Build.0 = Release|Any CPU
		{0EB78ED0-5027-4836-8FB7-A13C879A01C6}.Debug|Any CPU.ActiveCfg = Debug|Any CPU
		{0EB78ED0-5027-4836-8FB7-A13C879A01C6}.Debug|Any CPU.Build.0 = Debug|Any CPU
		{0EB78ED0-5027-4836-8FB7-A13C879A01C6}.Release|Any CPU.ActiveCfg = Release|Any CPU
		{0EB78ED0-5027-4836-8FB7-A13C879A01C6}.Release|Any CPU.Build.0 = Release|Any CPU
	EndGlobalSection
	GlobalSection(SolutionProperties) = preSolution
		HideSolutionNode = FALSE
	EndGlobalSection
	GlobalSection(ExtensibilityGlobals) = postSolution
		SolutionGuid = {AD5E2240-D22B-409B-9BF4-1D2117474009}
	EndGlobalSection
EndGlobal
